dependencies:
  atanisoft/esp_lcd_ili9488:
    component_hash: 5d2172c2f6836cc02b1656e5f03abd116c0071fbb1546e2c916f01481ca6d284
    dependencies:
    - name: idf
      require: private
      version: '>=4.4.2'
    source:
      registry_url: https://components.espressif.com/
      type: service
    version: 1.0.10
  idf:
    source:
      type: idf
    version: 5.4.0
  lvgl/lvgl:
    component_hash: 096c69af22eaf8a2b721e3913da91918c5e6bf1a762a113ec01f401aa61337a0
    dependencies: []
    source:
      registry_url: https://components.espressif.com/
      type: service
    version: 9.2.2
direct_dependencies:
- atanisoft/esp_lcd_ili9488
- idf
- lvgl/lvgl
manifest_hash: 4c85b72e0d9e86b396a47e972cd65266c13d6253e093a1061f0089ccf285cb73
target: esp32
version: 2.0.0
